<?xml version="1.0" encoding="utf-8"?>
<Project ToolsVersion="4.0" xmlns="http://schemas.microsoft.com/developer/msbuild/2003">
  <ItemGroup>
    <Filter Include="Source Files">
      <UniqueIdentifier>{4FC737F1-C7A5-4376-A066-2A32D752A2FF}</UniqueIdentifier>
      <Extensions>cpp;c;cc;cxx;def;odl;idl;hpj;bat;asm;asmx</Extensions>
    </Filter>
    <Filter Include="Header Files">
      <UniqueIdentifier>{93995380-89BD-4b04-88EB-625FBE52EBFB}</UniqueIdentifier>
      <Extensions>h;hpp;hxx;hm;inl;inc;xsd</Extensions>
    </Filter>
    <Filter Include="Resource Files">
      <UniqueIdentifier>{67DA6AB6-F800-4c08-8B7A-83BB121AAD01}</UniqueIdentifier>
      <Extensions>rc;ico;cur;bmp;dlg;rc2;rct;bin;rgs;gif;jpg;jpeg;jpe;resx;tiff;tif;png;wav;mfcribbon-ms</Extensions>
    </Filter>
    <Filter Include="Resource Files\nanosuit">
      <UniqueIdentifier>{9dace98d-fe1d-4799-8132-9fd647b8c227}</UniqueIdentifier>
    </Filter>
    <Filter Include="Resource Files\objects">
      <UniqueIdentifier>{b6c8d95a-780e-41ca-8c9d-b8e9d2aed8ca}</UniqueIdentifier>
    </Filter>
  </ItemGroup>
  <ItemGroup>
    <ClCompile Include="src\cpp\camera.cpp">
      <Filter>Source Files</Filter>
    </ClCompile>
    <ClCompile Include="src\cpp\game.cpp">
      <Filter>Source Files</Filter>
    </ClCompile>
    <ClCompile Include="src\cpp\interactable.cpp">
      <Filter>Source Files</Filter>
    </ClCompile>
    <ClCompile Include="src\cpp\main.cpp">
      <Filter>Source Files</Filter>
    </ClCompile>
    <ClCompile Include="src\cpp\menu.cpp">
      <Filter>Source Files</Filter>
    </ClCompile>
    <ClCompile Include="src\cpp\mesh.cpp">
      <Filter>Source Files</Filter>
    </ClCompile>
    <ClCompile Include="src\cpp\model.cpp">
      <Filter>Source Files</Filter>
    </ClCompile>
    <ClCompile Include="src\cpp\shader.cpp">
      <Filter>Source Files</Filter>
    </ClCompile>
    <ClCompile Include="src\cpp\sound.cpp">
      <Filter>Source Files</Filter>
    </ClCompile>
  </ItemGroup>
  <ItemGroup>
    <Image Include="resources\objects\endTest.png">
      <Filter>Resource Files</Filter>
    </Image>
    <Image Include="resources\objects\floorTest.png">
      <Filter>Resource Files</Filter>
    </Image>
    <Image Include="resources\objects\PoleUV.png">
      <Filter>Resource Files</Filter>
    </Image>
    <Image Include="resources\objects\PoleUV_out.png">
      <Filter>Resource Files</Filter>
    </Image>
    <Image Include="resources\objects\test.png">
      <Filter>Resource Files</Filter>
    </Image>
    <Image Include="resources\objects\testUV.png">
      <Filter>Resource Files</Filter>
    </Image>
    <Image Include="resources\objects\testUV_out.png">
      <Filter>Resource Files</Filter>
    </Image>
    <Image Include="resources\objects\wallTest.png">
      <Filter>Resource Files</Filter>
    </Image>
    <Image Include="resources\objects\nanosuit\arm_dif.png">
      <Filter>Resource Files</Filter>
    </Image>
    <Image Include="resources\objects\nanosuit\arm_showroom_ddn.png">
      <Filter>Resource Files</Filter>
    </Image>
    <Image Include="resources\objects\nanosuit\arm_showroom_spec.png">
      <Filter>Resource Files</Filter>
    </Image>
    <Image Include="resources\objects\nanosuit\body_dif.png">
      <Filter>Resource Files</Filter>
    </Image>
    <Image Include="resources\objects\nanosuit\body_showroom_ddn.png">
      <Filter>Resource Files</Filter>
    </Image>
    <Image Include="resources\objects\nanosuit\body_showroom_spec.png">
      <Filter>Resource Files</Filter>
    </Image>
    <Image Include="resources\objects\nanosuit\glass_ddn.png">
      <Filter>Resource Files</Filter>
    </Image>
    <Image Include="resources\objects\nanosuit\glass_dif.png">
      <Filter>Resource Files</Filter>
    </Image>
    <Image Include="resources\objects\nanosuit\hand_dif.png">
      <Filter>Resource Files</Filter>
    </Image>
    <Image Include="resources\objects\nanosuit\hand_showroom_ddn.png">
      <Filter>Resource Files</Filter>
    </Image>
    <Image Include="resources\objects\nanosuit\hand_showroom_spec.png">
      <Filter>Resource Files</Filter>
    </Image>
    <Image Include="resources\objects\nanosuit\helmet_diff.png">
      <Filter>Resource Files</Filter>
    </Image>
    <Image Include="resources\objects\nanosuit\helmet_showroom_ddn.png">
      <Filter>Resource Files</Filter>
    </Image>
    <Image Include="resources\objects\nanosuit\helmet_showroom_spec.png">
      <Filter>Resource Files</Filter>
    </Image>
    <Image Include="resources\objects\nanosuit\kitten.png">
      <Filter>Resource Files</Filter>
    </Image>
    <Image Include="resources\objects\nanosuit\leg_dif.png">
      <Filter>Resource Files</Filter>
    </Image>
    <Image Include="resources\objects\nanosuit\leg_showroom_ddn.png">
      <Filter>Resource Files</Filter>
    </Image>
    <Image Include="resources\objects\nanosuit\leg_showroom_spec.png">
      <Filter>Resource Files</Filter>
    </Image>
  </ItemGroup>
  <ItemGroup>
    <None Include="resources\objects\basicmap.mtl" />
    <None Include="resources\objects\chairTest.mtl" />
    <None Include="resources\objects\endWall.mtl" />
    <None Include="resources\objects\Map.mtl" />
    <None Include="resources\objects\map2.mtl" />
    <None Include="resources\objects\mapend.mtl" />
    <None Include="resources\objects\nanosuit\nanosuit.blend" />
    <None Include="resources\objects\nanosuit\nanosuit.mtl" />
    <None Include="resources\shaders\cubemap\shader.frag" />
    <None Include="resources\shaders\cubemap\shader.vert" />
    <None Include="resources\shaders\default\shader.frag" />
    <None Include="resources\shaders\default\shader.vert" />
    <None Include="resources\shaders\menu\shader.frag" />
    <None Include="resources\shaders\menu\shader.vert" />
  </ItemGroup>
  <ItemGroup>
    <ClInclude Include="src\h\boundbox.h">
      <Filter>Header Files</Filter>
    </ClInclude>
    <ClInclude Include="src\h\camera.h">
      <Filter>Header Files</Filter>
    </ClInclude>
    <ClInclude Include="src\h\game.h">
      <Filter>Header Files</Filter>
    </ClInclude>
    <ClInclude Include="src\h\interactable.h">
      <Filter>Header Files</Filter>
    </ClInclude>
    <ClInclude Include="src\h\menu.h">
      <Filter>Header Files</Filter>
    </ClInclude>
    <ClInclude Include="src\h\mesh.h">
      <Filter>Header Files</Filter>
    </ClInclude>
    <ClInclude Include="src\h\model.h">
      <Filter>Header Files</Filter>
    </ClInclude>
    <ClInclude Include="src\h\shader.h">
      <Filter>Header Files</Filter>
    </ClInclude>
    <ClInclude Include="src\h\sound.h">
      <Filter>Header Files</Filter>
    </ClInclude>
  </ItemGroup>
  <ItemGroup>
    <Object Include="resources\objects\basicmap.obj" />
    <Object Include="resources\objects\chairTest.obj" />
    <Object Include="resources\objects\endWall.obj" />
    <Object Include="resources\objects\Map.obj" />
    <Object Include="resources\objects\map2.obj" />
    <Object Include="resources\objects\mapend.obj" />
    <Object Include="resources\objects\nanosuit\nanosuit.obj" />
  </ItemGroup>
</Project>